
Microsoft Visual Studio Solution File, Format Version 12.00
# Visual Studio Version 16
VisualStudioVersion = 16.0.809.9
MinimumVisualStudioVersion = 10.0.40219.1
Project("{9A19103F-16F7-4668-BE54-9A1E7A4F7556}") = "SubstringTest", "SubstringTest\SubstringTest.csproj", "{35CA2871-930D-4009-9964-689827C74F75}"
EndProject
Project("{FAE04EC0-301F-11D3-BF4B-00C04F79EFBC}") = "CheckElementPresentInArray", "CheckElementPresentInArray\CheckElementPresentInArray.csproj", "{C2FB7B03-09A7-42CE-86A9-C62F4220AE57}"
EndProject
Project("{FAE04EC0-301F-11D3-BF4B-00C04F79EFBC}") = "NumberOfPositionWithSameLength", "NumberOfPositionWithSameLength\NumberOfPositionWithSameLength.csproj", "{546168F9-93D1-40C1-B3E6-C837519F858E}"
EndProject
Project("{FAE04EC0-301F-11D3-BF4B-00C04F79EFBC}") = "NUmberOfTimes6AdjacentToEachOther", "NUmberOfTimes6AdjacentToEachOther\NUmberOfTimes6AdjacentToEachOther.csproj", "{3355FF14-0124-4BDC-86D3-38739AA398FE}"
EndProject
Global
	GlobalSection(SolutionConfigurationPlatforms) = preSolution
		Debug|Any CPU = Debug|Any CPU
		Release|Any CPU = Release|Any CPU
	EndGlobalSection
	GlobalSection(ProjectConfigurationPlatforms) = postSolution
		{35CA2871-930D-4009-9964-689827C74F75}.Debug|Any CPU.ActiveCfg = Debug|Any CPU
		{35CA2871-930D-4009-9964-689827C74F75}.Debug|Any CPU.Build.0 = Debug|Any CPU
		{35CA2871-930D-4009-9964-689827C74F75}.Release|Any CPU.ActiveCfg = Release|Any CPU
		{35CA2871-930D-4009-9964-689827C74F75}.Release|Any CPU.Build.0 = Release|Any CPU
		{C2FB7B03-09A7-42CE-86A9-C62F4220AE57}.Debug|Any CPU.ActiveCfg = Debug|Any CPU
		{C2FB7B03-09A7-42CE-86A9-C62F4220AE57}.Debug|Any CPU.Build.0 = Debug|Any CPU
		{C2FB7B03-09A7-42CE-86A9-C62F4220AE57}.Release|Any CPU.ActiveCfg = Release|Any CPU
		{C2FB7B03-09A7-42CE-86A9-C62F4220AE57}.Release|Any CPU.Build.0 = Release|Any CPU
		{546168F9-93D1-40C1-B3E6-C837519F858E}.Debug|Any CPU.ActiveCfg = Debug|Any CPU
		{546168F9-93D1-40C1-B3E6-C837519F858E}.Debug|Any CPU.Build.0 = Debug|Any CPU
		{546168F9-93D1-40C1-B3E6-C837519F858E}.Release|Any CPU.ActiveCfg = Release|Any CPU
		{546168F9-93D1-40C1-B3E6-C837519F858E}.Release|Any CPU.Build.0 = Release|Any CPU
		{3355FF14-0124-4BDC-86D3-38739AA398FE}.Debug|Any CPU.ActiveCfg = Debug|Any CPU
		{3355FF14-0124-4BDC-86D3-38739AA398FE}.Debug|Any CPU.Build.0 = Debug|Any CPU
		{3355FF14-0124-4BDC-86D3-38739AA398FE}.Release|Any CPU.ActiveCfg = Release|Any CPU
		{3355FF14-0124-4BDC-86D3-38739AA398FE}.Release|Any CPU.Build.0 = Release|Any CPU
	EndGlobalSection
	GlobalSection(SolutionProperties) = preSolution
		HideSolutionNode = FALSE
	EndGlobalSection
	GlobalSection(ExtensibilityGlobals) = postSolution
		SolutionGuid = {FC2D10E3-A026-4A01-A22F-5F659368D75D}
	EndGlobalSection
EndGlobal
